
Microsoft Visual Studio Solution File, Format Version 12.00
# Visual Studio 15
VisualStudioVersion = 15.0.28307.1022
MinimumVisualStudioVersion = 10.0.40219.1
Project("{FAE04EC0-301F-11D3-BF4B-00C04F79EFBC}") = "JSONandAPIs", "JSONandAPIs\JSONandAPIs.csproj", "{46894E09-036B-4067-91DE-0D47E7499467}"
EndProject
Global
	GlobalSection(SolutionConfigurationPlatforms) = preSolution
		Debug|Any CPU = Debug|Any CPU
		Release|Any CPU = Release|Any CPU
	EndGlobalSection
	GlobalSection(ProjectConfigurationPlatforms) = postSolution
		{46894E09-036B-4067-91DE-0D47E7499467}.Debug|Any CPU.ActiveCfg = Debug|Any CPU
		{46894E09-036B-4067-91DE-0D47E7499467}.Debug|Any CPU.Build.0 = Debug|Any CPU
		{46894E09-036B-4067-91DE-0D47E7499467}.Release|Any CPU.ActiveCfg = Release|Any CPU
		{46894E09-036B-4067-91DE-0D47E7499467}.Release|Any CPU.Build.0 = Release|Any CPU
	EndGlobalSection
	GlobalSection(SolutionProperties) = preSolution
		HideSolutionNode = FALSE
	EndGlobalSection
	GlobalSection(ExtensibilityGlobals) = postSolution
		SolutionGuid = {0C055C8F-B936-445D-B27C-BB24FD5070D0}
	EndGlobalSection
EndGlobal
